// !$*UTF8*$!
{
	archiveVersion = 1;
	classes = {
	};
	objectVersion = 51;
	objects = {

/* Begin PBXBuildFile section */
		0BF25BDA382BD8925CFE1E13 /* Pods_RxMemoTests.framework in Frameworks */ = {isa = PBXBuildFile; fileRef = 32FAD8FA9D186AFA45ACF0EA /* Pods_RxMemoTests.framework */; };
		27E358B6DB1A667C95D24AE1 /* Pods_RxMemo.framework in Frameworks */ = {isa = PBXBuildFile; fileRef = 6E0A7E6CC97E05D757D6A49D /* Pods_RxMemo.framework */; };
		3F5920DA500CC781611062B4 /* Pods_RxMemo_RxMemoUITests.framework in Frameworks */ = {isa = PBXBuildFile; fileRef = 6E2EFC0D24BB1A0EDC27244B /* Pods_RxMemo_RxMemoUITests.framework */; };
		F5062A7F269E6DF9006F338D /* AppDelegate.swift in Sources */ = {isa = PBXBuildFile; fileRef = F5062A7E269E6DF9006F338D /* AppDelegate.swift */; };
		F5062A81269E6DF9006F338D /* SceneDelegate.swift in Sources */ = {isa = PBXBuildFile; fileRef = F5062A80269E6DF9006F338D /* SceneDelegate.swift */; };
		F5062A86269E6DF9006F338D /* Main.storyboard in Resources */ = {isa = PBXBuildFile; fileRef = F5062A84269E6DF9006F338D /* Main.storyboard */; };
		F5062A88269E6DFA006F338D /* Assets.xcassets in Resources */ = {isa = PBXBuildFile; fileRef = F5062A87269E6DFA006F338D /* Assets.xcassets */; };
		F5062A8B269E6DFA006F338D /* LaunchScreen.storyboard in Resources */ = {isa = PBXBuildFile; fileRef = F5062A89269E6DFA006F338D /* LaunchScreen.storyboard */; };
		F5062A96269E6DFB006F338D /* RxMemoTests.swift in Sources */ = {isa = PBXBuildFile; fileRef = F5062A95269E6DFB006F338D /* RxMemoTests.swift */; };
		F5062AA1269E6DFB006F338D /* RxMemoUITests.swift in Sources */ = {isa = PBXBuildFile; fileRef = F5062AA0269E6DFB006F338D /* RxMemoUITests.swift */; };
		F5062AB4269E75CA006F338D /* Memo.swift in Sources */ = {isa = PBXBuildFile; fileRef = F5062AB3269E75CA006F338D /* Memo.swift */; };
		F5062AB6269E7666006F338D /* MemoStorageType.swift in Sources */ = {isa = PBXBuildFile; fileRef = F5062AB5269E7666006F338D /* MemoStorageType.swift */; };
		F5062ABB269E7758006F338D /* RxMemo.xcdatamodeld in Sources */ = {isa = PBXBuildFile; fileRef = F5062AB9269E7758006F338D /* RxMemo.xcdatamodeld */; };
		F5062ABD269E7C91006F338D /* MemoryStorage.swift in Sources */ = {isa = PBXBuildFile; fileRef = F5062ABC269E7C91006F338D /* MemoryStorage.swift */; };
		F5062ABF269E8075006F338D /* MemoListViewController.swift in Sources */ = {isa = PBXBuildFile; fileRef = F5062ABE269E8075006F338D /* MemoListViewController.swift */; };
		F5062AC1269E80A2006F338D /* MemoDetailViewController.swift in Sources */ = {isa = PBXBuildFile; fileRef = F5062AC0269E80A2006F338D /* MemoDetailViewController.swift */; };
		F5062AC3269E86B2006F338D /* MemoComposeViewController.swift in Sources */ = {isa = PBXBuildFile; fileRef = F5062AC2269E86B2006F338D /* MemoComposeViewController.swift */; };
		F5062AC5269E86F2006F338D /* MemoListViewModel.swift in Sources */ = {isa = PBXBuildFile; fileRef = F5062AC4269E86F2006F338D /* MemoListViewModel.swift */; };
		F5062AC7269E872E006F338D /* MemoDetailViewModel.swift in Sources */ = {isa = PBXBuildFile; fileRef = F5062AC6269E872E006F338D /* MemoDetailViewModel.swift */; };
		F5062AC9269E8760006F338D /* MemoComposeViewModel.swift in Sources */ = {isa = PBXBuildFile; fileRef = F5062AC8269E8760006F338D /* MemoComposeViewModel.swift */; };
		F5062ACB269E8798006F338D /* ViewModelBindableType.swift in Sources */ = {isa = PBXBuildFile; fileRef = F5062ACA269E8798006F338D /* ViewModelBindableType.swift */; };
		F5062ACD269E890B006F338D /* TransitionModel.swift in Sources */ = {isa = PBXBuildFile; fileRef = F5062ACC269E890B006F338D /* TransitionModel.swift */; };
		F5062ACF269E8950006F338D /* Scene.swift in Sources */ = {isa = PBXBuildFile; fileRef = F5062ACE269E8950006F338D /* Scene.swift */; };
		F5062AD1269E8AFE006F338D /* SceneCoordinatorType.swift in Sources */ = {isa = PBXBuildFile; fileRef = F5062AD0269E8AFE006F338D /* SceneCoordinatorType.swift */; };
		F5062AD3269E8B76006F338D /* SceneCoordinator.swift in Sources */ = {isa = PBXBuildFile; fileRef = F5062AD2269E8B76006F338D /* SceneCoordinator.swift */; };
/* End PBXBuildFile section */

/* Begin PBXContainerItemProxy section */
		F5062A92269E6DFB006F338D /* PBXContainerItemProxy */ = {
			isa = PBXContainerItemProxy;
			containerPortal = F5062A73269E6DF9006F338D /* Project object */;
			proxyType = 1;
			remoteGlobalIDString = F5062A7A269E6DF9006F338D;
			remoteInfo = RxMemo;
		};
		F5062A9D269E6DFB006F338D /* PBXContainerItemProxy */ = {
			isa = PBXContainerItemProxy;
			containerPortal = F5062A73269E6DF9006F338D /* Project object */;
			proxyType = 1;
			remoteGlobalIDString = F5062A7A269E6DF9006F338D;
			remoteInfo = RxMemo;
		};
/* End PBXContainerItemProxy section */

/* Begin PBXFileReference section */
		32FAD8FA9D186AFA45ACF0EA /* Pods_RxMemoTests.framework */ = {isa = PBXFileReference; explicitFileType = wrapper.framework; includeInIndex = 0; path = Pods_RxMemoTests.framework; sourceTree = BUILT_PRODUCTS_DIR; };
		48051AA6BCE4B3A9BF3FEECB /* Pods-RxMemo.debug.xcconfig */ = {isa = PBXFileReference; includeInIndex = 1; lastKnownFileType = text.xcconfig; name = "Pods-RxMemo.debug.xcconfig"; path = "Target Support Files/Pods-RxMemo/Pods-RxMemo.debug.xcconfig"; sourceTree = "<group>"; };
		537CBBECB20FA6547A596DED /* Pods-RxMemoTests.debug.xcconfig */ = {isa = PBXFileReference; includeInIndex = 1; lastKnownFileType = text.xcconfig; name = "Pods-RxMemoTests.debug.xcconfig"; path = "Target Support Files/Pods-RxMemoTests/Pods-RxMemoTests.debug.xcconfig"; sourceTree = "<group>"; };
		6E0A7E6CC97E05D757D6A49D /* Pods_RxMemo.framework */ = {isa = PBXFileReference; explicitFileType = wrapper.framework; includeInIndex = 0; path = Pods_RxMemo.framework; sourceTree = BUILT_PRODUCTS_DIR; };
		6E2EFC0D24BB1A0EDC27244B /* Pods_RxMemo_RxMemoUITests.framework */ = {isa = PBXFileReference; explicitFileType = wrapper.framework; includeInIndex = 0; path = Pods_RxMemo_RxMemoUITests.framework; sourceTree = BUILT_PRODUCTS_DIR; };
		7848BD6F65651177162D7AC1 /* Pods-RxMemo-RxMemoUITests.release.xcconfig */ = {isa = PBXFileReference; includeInIndex = 1; lastKnownFileType = text.xcconfig; name = "Pods-RxMemo-RxMemoUITests.release.xcconfig"; path = "Target Support Files/Pods-RxMemo-RxMemoUITests/Pods-RxMemo-RxMemoUITests.release.xcconfig"; sourceTree = "<group>"; };
		A2431418193FAB0836A3DD25 /* Pods-RxMemoTests.release.xcconfig */ = {isa = PBXFileReference; includeInIndex = 1; lastKnownFileType = text.xcconfig; name = "Pods-RxMemoTests.release.xcconfig"; path = "Target Support Files/Pods-RxMemoTests/Pods-RxMemoTests.release.xcconfig"; sourceTree = "<group>"; };
		B4DFEC1C8C0F60657772D5B4 /* Pods-RxMemo-RxMemoUITests.debug.xcconfig */ = {isa = PBXFileReference; includeInIndex = 1; lastKnownFileType = text.xcconfig; name = "Pods-RxMemo-RxMemoUITests.debug.xcconfig"; path = "Target Support Files/Pods-RxMemo-RxMemoUITests/Pods-RxMemo-RxMemoUITests.debug.xcconfig"; sourceTree = "<group>"; };
		BEBC519E97589256425859C2 /* Pods-RxMemo.release.xcconfig */ = {isa = PBXFileReference; includeInIndex = 1; lastKnownFileType = text.xcconfig; name = "Pods-RxMemo.release.xcconfig"; path = "Target Support Files/Pods-RxMemo/Pods-RxMemo.release.xcconfig"; sourceTree = "<group>"; };
		F5062A7B269E6DF9006F338D /* RxMemo.app */ = {isa = PBXFileReference; explicitFileType = wrapper.application; includeInIndex = 0; path = RxMemo.app; sourceTree = BUILT_PRODUCTS_DIR; };
		F5062A7E269E6DF9006F338D /* AppDelegate.swift */ = {isa = PBXFileReference; lastKnownFileType = sourcecode.swift; path = AppDelegate.swift; sourceTree = "<group>"; };
		F5062A80269E6DF9006F338D /* SceneDelegate.swift */ = {isa = PBXFileReference; lastKnownFileType = sourcecode.swift; path = SceneDelegate.swift; sourceTree = "<group>"; };
		F5062A85269E6DF9006F338D /* Base */ = {isa = PBXFileReference; lastKnownFileType = file.storyboard; name = Base; path = Base.lproj/Main.storyboard; sourceTree = "<group>"; };
		F5062A87269E6DFA006F338D /* Assets.xcassets */ = {isa = PBXFileReference; lastKnownFileType = folder.assetcatalog; path = Assets.xcassets; sourceTree = "<group>"; };
		F5062A8A269E6DFA006F338D /* Base */ = {isa = PBXFileReference; lastKnownFileType = file.storyboard; name = Base; path = Base.lproj/LaunchScreen.storyboard; sourceTree = "<group>"; };
		F5062A8C269E6DFA006F338D /* Info.plist */ = {isa = PBXFileReference; lastKnownFileType = text.plist.xml; path = Info.plist; sourceTree = "<group>"; };
		F5062A91269E6DFB006F338D /* RxMemoTests.xctest */ = {isa = PBXFileReference; explicitFileType = wrapper.cfbundle; includeInIndex = 0; path = RxMemoTests.xctest; sourceTree = BUILT_PRODUCTS_DIR; };
		F5062A95269E6DFB006F338D /* RxMemoTests.swift */ = {isa = PBXFileReference; lastKnownFileType = sourcecode.swift; path = RxMemoTests.swift; sourceTree = "<group>"; };
		F5062A97269E6DFB006F338D /* Info.plist */ = {isa = PBXFileReference; lastKnownFileType = text.plist.xml; path = Info.plist; sourceTree = "<group>"; };
		F5062A9C269E6DFB006F338D /* RxMemoUITests.xctest */ = {isa = PBXFileReference; explicitFileType = wrapper.cfbundle; includeInIndex = 0; path = RxMemoUITests.xctest; sourceTree = BUILT_PRODUCTS_DIR; };
		F5062AA0269E6DFB006F338D /* RxMemoUITests.swift */ = {isa = PBXFileReference; lastKnownFileType = sourcecode.swift; path = RxMemoUITests.swift; sourceTree = "<group>"; };
		F5062AA2269E6DFB006F338D /* Info.plist */ = {isa = PBXFileReference; lastKnownFileType = text.plist.xml; path = Info.plist; sourceTree = "<group>"; };
		F5062AB3269E75CA006F338D /* Memo.swift */ = {isa = PBXFileReference; lastKnownFileType = sourcecode.swift; path = Memo.swift; sourceTree = "<group>"; };
		F5062AB5269E7666006F338D /* MemoStorageType.swift */ = {isa = PBXFileReference; lastKnownFileType = sourcecode.swift; path = MemoStorageType.swift; sourceTree = "<group>"; };
		F5062ABA269E7758006F338D /* RxMemo.xcdatamodel */ = {isa = PBXFileReference; lastKnownFileType = wrapper.xcdatamodel; path = RxMemo.xcdatamodel; sourceTree = "<group>"; };
		F5062ABC269E7C91006F338D /* MemoryStorage.swift */ = {isa = PBXFileReference; lastKnownFileType = sourcecode.swift; path = MemoryStorage.swift; sourceTree = "<group>"; };
		F5062ABE269E8075006F338D /* MemoListViewController.swift */ = {isa = PBXFileReference; lastKnownFileType = sourcecode.swift; path = MemoListViewController.swift; sourceTree = "<group>"; };
		F5062AC0269E80A2006F338D /* MemoDetailViewController.swift */ = {isa = PBXFileReference; lastKnownFileType = sourcecode.swift; path = MemoDetailViewController.swift; sourceTree = "<group>"; };
		F5062AC2269E86B2006F338D /* MemoComposeViewController.swift */ = {isa = PBXFileReference; lastKnownFileType = sourcecode.swift; path = MemoComposeViewController.swift; sourceTree = "<group>"; };
		F5062AC4269E86F2006F338D /* MemoListViewModel.swift */ = {isa = PBXFileReference; lastKnownFileType = sourcecode.swift; path = MemoListViewModel.swift; sourceTree = "<group>"; };
		F5062AC6269E872E006F338D /* MemoDetailViewModel.swift */ = {isa = PBXFileReference; lastKnownFileType = sourcecode.swift; path = MemoDetailViewModel.swift; sourceTree = "<group>"; };
		F5062AC8269E8760006F338D /* MemoComposeViewModel.swift */ = {isa = PBXFileReference; lastKnownFileType = sourcecode.swift; path = MemoComposeViewModel.swift; sourceTree = "<group>"; };
		F5062ACA269E8798006F338D /* ViewModelBindableType.swift */ = {isa = PBXFileReference; lastKnownFileType = sourcecode.swift; path = ViewModelBindableType.swift; sourceTree = "<group>"; };
		F5062ACC269E890B006F338D /* TransitionModel.swift */ = {isa = PBXFileReference; lastKnownFileType = sourcecode.swift; path = TransitionModel.swift; sourceTree = "<group>"; };
		F5062ACE269E8950006F338D /* Scene.swift */ = {isa = PBXFileReference; lastKnownFileType = sourcecode.swift; path = Scene.swift; sourceTree = "<group>"; };
		F5062AD0269E8AFE006F338D /* SceneCoordinatorType.swift */ = {isa = PBXFileReference; lastKnownFileType = sourcecode.swift; path = SceneCoordinatorType.swift; sourceTree = "<group>"; };
		F5062AD2269E8B76006F338D /* SceneCoordinator.swift */ = {isa = PBXFileReference; lastKnownFileType = sourcecode.swift; path = SceneCoordinator.swift; sourceTree = "<group>"; };
/* End PBXFileReference section */

/* Begin PBXFrameworksBuildPhase section */
		F5062A78269E6DF9006F338D /* Frameworks */ = {
			isa = PBXFrameworksBuildPhase;
			buildActionMask = 2147483647;
			files = (
				27E358B6DB1A667C95D24AE1 /* Pods_RxMemo.framework in Frameworks */,
			);
			runOnlyForDeploymentPostprocessing = 0;
		};
		F5062A8E269E6DFB006F338D /* Frameworks */ = {
			isa = PBXFrameworksBuildPhase;
			buildActionMask = 2147483647;
			files = (
				0BF25BDA382BD8925CFE1E13 /* Pods_RxMemoTests.framework in Frameworks */,
			);
			runOnlyForDeploymentPostprocessing = 0;
		};
		F5062A99269E6DFB006F338D /* Frameworks */ = {
			isa = PBXFrameworksBuildPhase;
			buildActionMask = 2147483647;
			files = (
				3F5920DA500CC781611062B4 /* Pods_RxMemo_RxMemoUITests.framework in Frameworks */,
			);
			runOnlyForDeploymentPostprocessing = 0;
		};
/* End PBXFrameworksBuildPhase section */

/* Begin PBXGroup section */
		388A6714A1366778240780BC /* Pods */ = {
			isa = PBXGroup;
			children = (
				48051AA6BCE4B3A9BF3FEECB /* Pods-RxMemo.debug.xcconfig */,
				BEBC519E97589256425859C2 /* Pods-RxMemo.release.xcconfig */,
				B4DFEC1C8C0F60657772D5B4 /* Pods-RxMemo-RxMemoUITests.debug.xcconfig */,
				7848BD6F65651177162D7AC1 /* Pods-RxMemo-RxMemoUITests.release.xcconfig */,
				537CBBECB20FA6547A596DED /* Pods-RxMemoTests.debug.xcconfig */,
				A2431418193FAB0836A3DD25 /* Pods-RxMemoTests.release.xcconfig */,
			);
			path = Pods;
			sourceTree = "<group>";
		};
		8282AC24377A1D72E8AE38A4 /* Frameworks */ = {
			isa = PBXGroup;
			children = (
				6E0A7E6CC97E05D757D6A49D /* Pods_RxMemo.framework */,
				6E2EFC0D24BB1A0EDC27244B /* Pods_RxMemo_RxMemoUITests.framework */,
				32FAD8FA9D186AFA45ACF0EA /* Pods_RxMemoTests.framework */,
			);
			name = Frameworks;
			sourceTree = "<group>";
		};
		F5062A72269E6DF9006F338D = {
			isa = PBXGroup;
			children = (
				F5062A7D269E6DF9006F338D /* RxMemo */,
				F5062A94269E6DFB006F338D /* RxMemoTests */,
				F5062A9F269E6DFB006F338D /* RxMemoUITests */,
				F5062A7C269E6DF9006F338D /* Products */,
				388A6714A1366778240780BC /* Pods */,
				8282AC24377A1D72E8AE38A4 /* Frameworks */,
			);
			sourceTree = "<group>";
		};
		F5062A7C269E6DF9006F338D /* Products */ = {
			isa = PBXGroup;
			children = (
				F5062A7B269E6DF9006F338D /* RxMemo.app */,
				F5062A91269E6DFB006F338D /* RxMemoTests.xctest */,
				F5062A9C269E6DFB006F338D /* RxMemoUITests.xctest */,
			);
			name = Products;
			sourceTree = "<group>";
		};
		F5062A7D269E6DF9006F338D /* RxMemo */ = {
			isa = PBXGroup;
			children = (
				F5062AB2269E726D006F338D /* Scene */,
				F5062AB1269E7264006F338D /* Service */,
				F5062AB0269E723D006F338D /* ViewModel */,
				F5062AAF269E7227006F338D /* ViewController */,
				F5062AAE269E721D006F338D /* Model */,
				F5062A7E269E6DF9006F338D /* AppDelegate.swift */,
				F5062A80269E6DF9006F338D /* SceneDelegate.swift */,
				F5062A87269E6DFA006F338D /* Assets.xcassets */,
				F5062A8C269E6DFA006F338D /* Info.plist */,
			);
			path = RxMemo;
			sourceTree = "<group>";
		};
		F5062A94269E6DFB006F338D /* RxMemoTests */ = {
			isa = PBXGroup;
			children = (
				F5062A95269E6DFB006F338D /* RxMemoTests.swift */,
				F5062A97269E6DFB006F338D /* Info.plist */,
			);
			path = RxMemoTests;
			sourceTree = "<group>";
		};
		F5062A9F269E6DFB006F338D /* RxMemoUITests */ = {
			isa = PBXGroup;
			children = (
				F5062AA0269E6DFB006F338D /* RxMemoUITests.swift */,
				F5062AA2269E6DFB006F338D /* Info.plist */,
			);
			path = RxMemoUITests;
			sourceTree = "<group>";
		};
		F5062AAE269E721D006F338D /* Model */ = {
			isa = PBXGroup;
			children = (
				F5062AB3269E75CA006F338D /* Memo.swift */,
			);
			path = Model;
			sourceTree = "<group>";
		};
		F5062AAF269E7227006F338D /* ViewController */ = {
			isa = PBXGroup;
			children = (
				F5062A84269E6DF9006F338D /* Main.storyboard */,
				F5062A89269E6DFA006F338D /* LaunchScreen.storyboard */,
				F5062ABE269E8075006F338D /* MemoListViewController.swift */,
				F5062AC0269E80A2006F338D /* MemoDetailViewController.swift */,
				F5062AC2269E86B2006F338D /* MemoComposeViewController.swift */,
				F5062ACA269E8798006F338D /* ViewModelBindableType.swift */,
			);
			path = ViewController;
			sourceTree = "<group>";
		};
		F5062AB0269E723D006F338D /* ViewModel */ = {
			isa = PBXGroup;
			children = (
				F5062AC4269E86F2006F338D /* MemoListViewModel.swift */,
				F5062AC6269E872E006F338D /* MemoDetailViewModel.swift */,
				F5062AC8269E8760006F338D /* MemoComposeViewModel.swift */,
			);
			path = ViewModel;
			sourceTree = "<group>";
		};
		F5062AB1269E7264006F338D /* Service */ = {
			isa = PBXGroup;
			children = (
				F5062AB8269E76F9006F338D /* CoreDataStorage */,
				F5062AB7269E76E3006F338D /* MemoStorage */,
				F5062AB5269E7666006F338D /* MemoStorageType.swift */,
			);
			path = Service;
			sourceTree = "<group>";
		};
		F5062AB2269E726D006F338D /* Scene */ = {
			isa = PBXGroup;
			children = (
				F5062ACC269E890B006F338D /* TransitionModel.swift */,
				F5062ACE269E8950006F338D /* Scene.swift */,
				F5062AD0269E8AFE006F338D /* SceneCoordinatorType.swift */,
				F5062AD2269E8B76006F338D /* SceneCoordinator.swift */,
			);
			path = Scene;
			sourceTree = "<group>";
		};
		F5062AB7269E76E3006F338D /* MemoStorage */ = {
			isa = PBXGroup;
			children = (
				F5062ABC269E7C91006F338D /* MemoryStorage.swift */,
			);
			path = MemoStorage;
			sourceTree = "<group>";
		};
		F5062AB8269E76F9006F338D /* CoreDataStorage */ = {
			isa = PBXGroup;
			children = (
				F5062AB9269E7758006F338D /* RxMemo.xcdatamodeld */,
			);
			path = CoreDataStorage;
			sourceTree = "<group>";
		};
/* End PBXGroup section */

/* Begin PBXNativeTarget section */
		F5062A7A269E6DF9006F338D /* RxMemo */ = {
			isa = PBXNativeTarget;
			buildConfigurationList = F5062AA5269E6DFB006F338D /* Build configuration list for PBXNativeTarget "RxMemo" */;
			buildPhases = (
				DC24D1CC62C20C81A5FF5625 /* [CP] Check Pods Manifest.lock */,
				F5062A77269E6DF9006F338D /* Sources */,
				F5062A78269E6DF9006F338D /* Frameworks */,
				F5062A79269E6DF9006F338D /* Resources */,
				4D6B520C44FA4DAB3FCD399D /* [CP] Embed Pods Frameworks */,
			);
			buildRules = (
			);
			dependencies = (
			);
			name = RxMemo;
			productName = RxMemo;
			productReference = F5062A7B269E6DF9006F338D /* RxMemo.app */;
			productType = "com.apple.product-type.application";
		};
		F5062A90269E6DFB006F338D /* RxMemoTests */ = {
			isa = PBXNativeTarget;
			buildConfigurationList = F5062AA8269E6DFB006F338D /* Build configuration list for PBXNativeTarget "RxMemoTests" */;
			buildPhases = (
				B592FED6AC85970EA52F706E /* [CP] Check Pods Manifest.lock */,
				F5062A8D269E6DFB006F338D /* Sources */,
				F5062A8E269E6DFB006F338D /* Frameworks */,
				F5062A8F269E6DFB006F338D /* Resources */,
			);
			buildRules = (
			);
			dependencies = (
				F5062A93269E6DFB006F338D /* PBXTargetDependency */,
			);
			name = RxMemoTests;
			productName = RxMemoTests;
			productReference = F5062A91269E6DFB006F338D /* RxMemoTests.xctest */;
			productType = "com.apple.product-type.bundle.unit-test";
		};
		F5062A9B269E6DFB006F338D /* RxMemoUITests */ = {
			isa = PBXNativeTarget;
			buildConfigurationList = F5062AAB269E6DFB006F338D /* Build configuration list for PBXNativeTarget "RxMemoUITests" */;
			buildPhases = (
				A33701BC3749A23662F430A4 /* [CP] Check Pods Manifest.lock */,
				F5062A98269E6DFB006F338D /* Sources */,
				F5062A99269E6DFB006F338D /* Frameworks */,
				F5062A9A269E6DFB006F338D /* Resources */,
				615B5E61C2EF94E220A5ABBD /* [CP] Embed Pods Frameworks */,
			);
			buildRules = (
			);
			dependencies = (
				F5062A9E269E6DFB006F338D /* PBXTargetDependency */,
			);
			name = RxMemoUITests;
			productName = RxMemoUITests;
			productReference = F5062A9C269E6DFB006F338D /* RxMemoUITests.xctest */;
			productType = "com.apple.product-type.bundle.ui-testing";
		};
/* End PBXNativeTarget section */

/* Begin PBXProject section */
		F5062A73269E6DF9006F338D /* Project object */ = {
			isa = PBXProject;
			attributes = {
				LastSwiftUpdateCheck = 1250;
				LastUpgradeCheck = 1250;
				TargetAttributes = {
					F5062A7A269E6DF9006F338D = {
						CreatedOnToolsVersion = 12.5.1;
					};
					F5062A90269E6DFB006F338D = {
						CreatedOnToolsVersion = 12.5.1;
						TestTargetID = F5062A7A269E6DF9006F338D;
					};
					F5062A9B269E6DFB006F338D = {
						CreatedOnToolsVersion = 12.5.1;
						TestTargetID = F5062A7A269E6DF9006F338D;
					};
				};
			};
			buildConfigurationList = F5062A76269E6DF9006F338D /* Build configuration list for PBXProject "RxMemo" */;
			compatibilityVersion = "Xcode 9.3";
			developmentRegion = en;
			hasScannedForEncodings = 0;
			knownRegions = (
				en,
				Base,
			);
			mainGroup = F5062A72269E6DF9006F338D;
			productRefGroup = F5062A7C269E6DF9006F338D /* Products */;
			projectDirPath = "";
			projectRoot = "";
			targets = (
				F5062A7A269E6DF9006F338D /* RxMemo */,
				F5062A90269E6DFB006F338D /* RxMemoTests */,
				F5062A9B269E6DFB006F338D /* RxMemoUITests */,
			);
		};
/* End PBXProject section */

/* Begin PBXResourcesBuildPhase section */
		F5062A79269E6DF9006F338D /* Resources */ = {
			isa = PBXResourcesBuildPhase;
			buildActionMask = 2147483647;
			files = (
				F5062A8B269E6DFA006F338D /* LaunchScreen.storyboard in Resources */,
				F5062A88269E6DFA006F338D /* Assets.xcassets in Resources */,
				F5062A86269E6DF9006F338D /* Main.storyboard in Resources */,
			);
			runOnlyForDeploymentPostprocessing = 0;
		};
		F5062A8F269E6DFB006F338D /* Resources */ = {
			isa = PBXResourcesBuildPhase;
			buildActionMask = 2147483647;
			files = (
			);
			runOnlyForDeploymentPostprocessing = 0;
		};
		F5062A9A269E6DFB006F338D /* Resources */ = {
			isa = PBXResourcesBuildPhase;
			buildActionMask = 2147483647;
			files = (
			);
			runOnlyForDeploymentPostprocessing = 0;
		};
/* End PBXResourcesBuildPhase section */

/* Begin PBXShellScriptBuildPhase section */
		4D6B520C44FA4DAB3FCD399D /* [CP] Embed Pods Frameworks */ = {
			isa = PBXShellScriptBuildPhase;
			buildActionMask = 2147483647;
			files = (
			);
			inputFileListPaths = (
				"${PODS_ROOT}/Target Support Files/Pods-RxMemo/Pods-RxMemo-frameworks-${CONFIGURATION}-input-files.xcfilelist",
			);
			name = "[CP] Embed Pods Frameworks";
			outputFileListPaths = (
				"${PODS_ROOT}/Target Support Files/Pods-RxMemo/Pods-RxMemo-frameworks-${CONFIGURATION}-output-files.xcfilelist",
			);
			runOnlyForDeploymentPostprocessing = 0;
			shellPath = /bin/sh;
			shellScript = "\"${PODS_ROOT}/Target Support Files/Pods-RxMemo/Pods-RxMemo-frameworks.sh\"\n";
			showEnvVarsInLog = 0;
		};
		615B5E61C2EF94E220A5ABBD /* [CP] Embed Pods Frameworks */ = {
			isa = PBXShellScriptBuildPhase;
			buildActionMask = 2147483647;
			files = (
			);
			inputFileListPaths = (
				"${PODS_ROOT}/Target Support Files/Pods-RxMemo-RxMemoUITests/Pods-RxMemo-RxMemoUITests-frameworks-${CONFIGURATION}-input-files.xcfilelist",
			);
			name = "[CP] Embed Pods Frameworks";
			outputFileListPaths = (
				"${PODS_ROOT}/Target Support Files/Pods-RxMemo-RxMemoUITests/Pods-RxMemo-RxMemoUITests-frameworks-${CONFIGURATION}-output-files.xcfilelist",
			);
			runOnlyForDeploymentPostprocessing = 0;
			shellPath = /bin/sh;
			shellScript = "\"${PODS_ROOT}/Target Support Files/Pods-RxMemo-RxMemoUITests/Pods-RxMemo-RxMemoUITests-frameworks.sh\"\n";
			showEnvVarsInLog = 0;
		};
		A33701BC3749A23662F430A4 /* [CP] Check Pods Manifest.lock */ = {
			isa = PBXShellScriptBuildPhase;
			buildActionMask = 2147483647;
			files = (
			);
			inputFileListPaths = (
			);
			inputPaths = (
				"${PODS_PODFILE_DIR_PATH}/Podfile.lock",
				"${PODS_ROOT}/Manifest.lock",
			);
			name = "[CP] Check Pods Manifest.lock";
			outputFileListPaths = (
			);
			outputPaths = (
				"$(DERIVED_FILE_DIR)/Pods-RxMemo-RxMemoUITests-checkManifestLockResult.txt",
			);
			runOnlyForDeploymentPostprocessing = 0;
			shellPath = /bin/sh;
			shellScript = "diff \"${PODS_PODFILE_DIR_PATH}/Podfile.lock\" \"${PODS_ROOT}/Manifest.lock\" > /dev/null\nif [ $? != 0 ] ; then\n    # print error to STDERR\n    echo \"error: The sandbox is not in sync with the Podfile.lock. Run 'pod install' or update your CocoaPods installation.\" >&2\n    exit 1\nfi\n# This output is used by Xcode 'outputs' to avoid re-running this script phase.\necho \"SUCCESS\" > \"${SCRIPT_OUTPUT_FILE_0}\"\n";
			showEnvVarsInLog = 0;
		};
		B592FED6AC85970EA52F706E /* [CP] Check Pods Manifest.lock */ = {
			isa = PBXShellScriptBuildPhase;
			buildActionMask = 2147483647;
			files = (
			);
			inputFileListPaths = (
			);
			inputPaths = (
				"${PODS_PODFILE_DIR_PATH}/Podfile.lock",
				"${PODS_ROOT}/Manifest.lock",
			);
			name = "[CP] Check Pods Manifest.lock";
			outputFileListPaths = (
			);
			outputPaths = (
				"$(DERIVED_FILE_DIR)/Pods-RxMemoTests-checkManifestLockResult.txt",
			);
			runOnlyForDeploymentPostprocessing = 0;
			shellPath = /bin/sh;
			shellScript = "diff \"${PODS_PODFILE_DIR_PATH}/Podfile.lock\" \"${PODS_ROOT}/Manifest.lock\" > /dev/null\nif [ $? != 0 ] ; then\n    # print error to STDERR\n    echo \"error: The sandbox is not in sync with the Podfile.lock. Run 'pod install' or update your CocoaPods installation.\" >&2\n    exit 1\nfi\n# This output is used by Xcode 'outputs' to avoid re-running this script phase.\necho \"SUCCESS\" > \"${SCRIPT_OUTPUT_FILE_0}\"\n";
			showEnvVarsInLog = 0;
		};
		DC24D1CC62C20C81A5FF5625 /* [CP] Check Pods Manifest.lock */ = {
			isa = PBXShellScriptBuildPhase;
			buildActionMask = 2147483647;
			files = (
			);
			inputFileListPaths = (
			);
			inputPaths = (
				"${PODS_PODFILE_DIR_PATH}/Podfile.lock",
				"${PODS_ROOT}/Manifest.lock",
			);
			name = "[CP] Check Pods Manifest.lock";
			outputFileListPaths = (
			);
			outputPaths = (
				"$(DERIVED_FILE_DIR)/Pods-RxMemo-checkManifestLockResult.txt",
			);
			runOnlyForDeploymentPostprocessing = 0;
			shellPath = /bin/sh;
			shellScript = "diff \"${PODS_PODFILE_DIR_PATH}/Podfile.lock\" \"${PODS_ROOT}/Manifest.lock\" > /dev/null\nif [ $? != 0 ] ; then\n    # print error to STDERR\n    echo \"error: The sandbox is not in sync with the Podfile.lock. Run 'pod install' or update your CocoaPods installation.\" >&2\n    exit 1\nfi\n# This output is used by Xcode 'outputs' to avoid re-running this script phase.\necho \"SUCCESS\" > \"${SCRIPT_OUTPUT_FILE_0}\"\n";
			showEnvVarsInLog = 0;
		};
/* End PBXShellScriptBuildPhase section */

/* Begin PBXSourcesBuildPhase section */
		F5062A77269E6DF9006F338D /* Sources */ = {
			isa = PBXSourcesBuildPhase;
			buildActionMask = 2147483647;
			files = (
				F5062ABD269E7C91006F338D /* MemoryStorage.swift in Sources */,
				F5062AC9269E8760006F338D /* MemoComposeViewModel.swift in Sources */,
				F5062AD3269E8B76006F338D /* SceneCoordinator.swift in Sources */,
				F5062ACF269E8950006F338D /* Scene.swift in Sources */,
				F5062ABB269E7758006F338D /* RxMemo.xcdatamodeld in Sources */,
				F5062ACB269E8798006F338D /* ViewModelBindableType.swift in Sources */,
				F5062AB4269E75CA006F338D /* Memo.swift in Sources */,
				F5062AC1269E80A2006F338D /* MemoDetailViewController.swift in Sources */,
				F5062AB6269E7666006F338D /* MemoStorageType.swift in Sources */,
				F5062A7F269E6DF9006F338D /* AppDelegate.swift in Sources */,
				F5062AD1269E8AFE006F338D /* SceneCoordinatorType.swift in Sources */,
				F5062AC5269E86F2006F338D /* MemoListViewModel.swift in Sources */,
				F5062AC7269E872E006F338D /* MemoDetailViewModel.swift in Sources */,
				F5062ACD269E890B006F338D /* TransitionModel.swift in Sources */,
				F5062ABF269E8075006F338D /* MemoListViewController.swift in Sources */,
				F5062AC3269E86B2006F338D /* MemoComposeViewController.swift in Sources */,
				F5062A81269E6DF9006F338D /* SceneDelegate.swift in Sources */,
			);
			runOnlyForDeploymentPostprocessing = 0;
		};
		F5062A8D269E6DFB006F338D /* Sources */ = {
			isa = PBXSourcesBuildPhase;
			buildActionMask = 2147483647;
			files = (
				F5062A96269E6DFB006F338D /* RxMemoTests.swift in Sources */,
			);
			runOnlyForDeploymentPostprocessing = 0;
		};
		F5062A98269E6DFB006F338D /* Sources */ = {
			isa = PBXSourcesBuildPhase;
			buildActionMask = 2147483647;
			files = (
				F5062AA1269E6DFB006F338D /* RxMemoUITests.swift in Sources */,
			);
			runOnlyForDeploymentPostprocessing = 0;
		};
/* End PBXSourcesBuildPhase section */

/* Begin PBXTargetDependency section */
		F5062A93269E6DFB006F338D /* PBXTargetDependency */ = {
			isa = PBXTargetDependency;
			target = F5062A7A269E6DF9006F338D /* RxMemo */;
			targetProxy = F5062A92269E6DFB006F338D /* PBXContainerItemProxy */;
		};
		F5062A9E269E6DFB006F338D /* PBXTargetDependency */ = {
			isa = PBXTargetDependency;
			target = F5062A7A269E6DF9006F338D /* RxMemo */;
			targetProxy = F5062A9D269E6DFB006F338D /* PBXContainerItemProxy */;
		};
/* End PBXTargetDependency section */

/* Begin PBXVariantGroup section */
		F5062A84269E6DF9006F338D /* Main.storyboard */ = {
			isa = PBXVariantGroup;
			children = (
				F5062A85269E6DF9006F338D /* Base */,
			);
			name = Main.storyboard;
			sourceTree = "<group>";
		};
		F5062A89269E6DFA006F338D /* LaunchScreen.storyboard */ = {
			isa = PBXVariantGroup;
			children = (
				F5062A8A269E6DFA006F338D /* Base */,
			);
			name = LaunchScreen.storyboard;
			sourceTree = "<group>";
		};
/* End PBXVariantGroup section */

/* Begin XCBuildConfiguration section */
		F5062AA3269E6DFB006F338D /* Debug */ = {
			isa = XCBuildConfiguration;
			buildSettings = {
				ALWAYS_SEARCH_USER_PATHS = NO;
				CLANG_ANALYZER_NONNULL = YES;
				CLANG_ANALYZER_NUMBER_OBJECT_CONVERSION = YES_AGGRESSIVE;
				CLANG_CXX_LANGUAGE_STANDARD = "gnu++14";
				CLANG_CXX_LIBRARY = "libc++";
				CLANG_ENABLE_MODULES = YES;
				CLANG_ENABLE_OBJC_ARC = YES;
				CLANG_ENABLE_OBJC_WEAK = YES;
				CLANG_WARN_BLOCK_CAPTURE_AUTORELEASING = YES;
				CLANG_WARN_BOOL_CONVERSION = YES;
				CLANG_WARN_COMMA = YES;
				CLANG_WARN_CONSTANT_CONVERSION = YES;
				CLANG_WARN_DEPRECATED_OBJC_IMPLEMENTATIONS = YES;
				CLANG_WARN_DIRECT_OBJC_ISA_USAGE = YES_ERROR;
				CLANG_WARN_DOCUMENTATION_COMMENTS = YES;
				CLANG_WARN_EMPTY_BODY = YES;
				CLANG_WARN_ENUM_CONVERSION = YES;
				CLANG_WARN_INFINITE_RECURSION = YES;
				CLANG_WARN_INT_CONVERSION = YES;
				CLANG_WARN_NON_LITERAL_NULL_CONVERSION = YES;
				CLANG_WARN_OBJC_IMPLICIT_RETAIN_SELF = YES;
				CLANG_WARN_OBJC_LITERAL_CONVERSION = YES;
				CLANG_WARN_OBJC_ROOT_CLASS = YES_ERROR;
				CLANG_WARN_QUOTED_INCLUDE_IN_FRAMEWORK_HEADER = YES;
				CLANG_WARN_RANGE_LOOP_ANALYSIS = YES;
				CLANG_WARN_STRICT_PROTOTYPES = YES;
				CLANG_WARN_SUSPICIOUS_MOVE = YES;
				CLANG_WARN_UNGUARDED_AVAILABILITY = YES_AGGRESSIVE;
				CLANG_WARN_UNREACHABLE_CODE = YES;
				CLANG_WARN__DUPLICATE_METHOD_MATCH = YES;
				COPY_PHASE_STRIP = NO;
				DEBUG_INFORMATION_FORMAT = dwarf;
				ENABLE_STRICT_OBJC_MSGSEND = YES;
				ENABLE_TESTABILITY = YES;
				GCC_C_LANGUAGE_STANDARD = gnu11;
				GCC_DYNAMIC_NO_PIC = NO;
				GCC_NO_COMMON_BLOCKS = YES;
				GCC_OPTIMIZATION_LEVEL = 0;
				GCC_PREPROCESSOR_DEFINITIONS = (
					"DEBUG=1",
					"$(inherited)",
				);
				GCC_WARN_64_TO_32_BIT_CONVERSION = YES;
				GCC_WARN_ABOUT_RETURN_TYPE = YES_ERROR;
				GCC_WARN_UNDECLARED_SELECTOR = YES;
				GCC_WARN_UNINITIALIZED_AUTOS = YES_AGGRESSIVE;
				GCC_WARN_UNUSED_FUNCTION = YES;
				GCC_WARN_UNUSED_VARIABLE = YES;
				IPHONEOS_DEPLOYMENT_TARGET = 10.0;
				MTL_ENABLE_DEBUG_INFO = INCLUDE_SOURCE;
				MTL_FAST_MATH = YES;
				ONLY_ACTIVE_ARCH = YES;
				SDKROOT = iphoneos;
				SWIFT_ACTIVE_COMPILATION_CONDITIONS = DEBUG;
				SWIFT_OPTIMIZATION_LEVEL = "-Onone";
			};
			name = Debug;
		};
		F5062AA4269E6DFB006F338D /* Release */ = {
			isa = XCBuildConfiguration;
			buildSettings = {
				ALWAYS_SEARCH_USER_PATHS = NO;
				CLANG_ANALYZER_NONNULL = YES;
				CLANG_ANALYZER_NUMBER_OBJECT_CONVERSION = YES_AGGRESSIVE;
				CLANG_CXX_LANGUAGE_STANDARD = "gnu++14";
				CLANG_CXX_LIBRARY = "libc++";
				CLANG_ENABLE_MODULES = YES;
				CLANG_ENABLE_OBJC_ARC = YES;
				CLANG_ENABLE_OBJC_WEAK = YES;
				CLANG_WARN_BLOCK_CAPTURE_AUTORELEASING = YES;
				CLANG_WARN_BOOL_CONVERSION = YES;
				CLANG_WARN_COMMA = YES;
				CLANG_WARN_CONSTANT_CONVERSION = YES;
				CLANG_WARN_DEPRECATED_OBJC_IMPLEMENTATIONS = YES;
				CLANG_WARN_DIRECT_OBJC_ISA_USAGE = YES_ERROR;
				CLANG_WARN_DOCUMENTATION_COMMENTS = YES;
				CLANG_WARN_EMPTY_BODY = YES;
				CLANG_WARN_ENUM_CONVERSION = YES;
				CLANG_WARN_INFINITE_RECURSION = YES;
				CLANG_WARN_INT_CONVERSION = YES;
				CLANG_WARN_NON_LITERAL_NULL_CONVERSION = YES;
				CLANG_WARN_OBJC_IMPLICIT_RETAIN_SELF = YES;
				CLANG_WARN_OBJC_LITERAL_CONVERSION = YES;
				CLANG_WARN_OBJC_ROOT_CLASS = YES_ERROR;
				CLANG_WARN_QUOTED_INCLUDE_IN_FRAMEWORK_HEADER = YES;
				CLANG_WARN_RANGE_LOOP_ANALYSIS = YES;
				CLANG_WARN_STRICT_PROTOTYPES = YES;
				CLANG_WARN_SUSPICIOUS_MOVE = YES;
				CLANG_WARN_UNGUARDED_AVAILABILITY = YES_AGGRESSIVE;
				CLANG_WARN_UNREACHABLE_CODE = YES;
				CLANG_WARN__DUPLICATE_METHOD_MATCH = YES;
				COPY_PHASE_STRIP = NO;
				DEBUG_INFORMATION_FORMAT = "dwarf-with-dsym";
				ENABLE_NS_ASSERTIONS = NO;
				ENABLE_STRICT_OBJC_MSGSEND = YES;
				GCC_C_LANGUAGE_STANDARD = gnu11;
				GCC_NO_COMMON_BLOCKS = YES;
				GCC_WARN_64_TO_32_BIT_CONVERSION = YES;
				GCC_WARN_ABOUT_RETURN_TYPE = YES_ERROR;
				GCC_WARN_UNDECLARED_SELECTOR = YES;
				GCC_WARN_UNINITIALIZED_AUTOS = YES_AGGRESSIVE;
				GCC_WARN_UNUSED_FUNCTION = YES;
				GCC_WARN_UNUSED_VARIABLE = YES;
				IPHONEOS_DEPLOYMENT_TARGET = 10.0;
				MTL_ENABLE_DEBUG_INFO = NO;
				MTL_FAST_MATH = YES;
				SDKROOT = iphoneos;
				SWIFT_COMPILATION_MODE = wholemodule;
				SWIFT_OPTIMIZATION_LEVEL = "-O";
				VALIDATE_PRODUCT = YES;
			};
			name = Release;
		};
		F5062AA6269E6DFB006F338D /* Debug */ = {
			isa = XCBuildConfiguration;
			baseConfigurationReference = 48051AA6BCE4B3A9BF3FEECB /* Pods-RxMemo.debug.xcconfig */;
			buildSettings = {
				ASSETCATALOG_COMPILER_APPICON_NAME = AppIcon;
				ASSETCATALOG_COMPILER_GLOBAL_ACCENT_COLOR_NAME = AccentColor;
				CODE_SIGN_STYLE = Automatic;
				DEVELOPMENT_TEAM = D5YB3MLSUJ;
				INFOPLIST_FILE = RxMemo/Info.plist;
				LD_RUNPATH_SEARCH_PATHS = (
					"$(inherited)",
					"@executable_path/Frameworks",
				);
				PRODUCT_BUNDLE_IDENTIFIER = com.minjee.practice.rxmemo.RxMemo;
				PRODUCT_NAME = "$(TARGET_NAME)";
				SWIFT_VERSION = 5.0;
				TARGETED_DEVICE_FAMILY = "1,2";
			};
			name = Debug;
		};
		F5062AA7269E6DFB006F338D /* Release */ = {
			isa = XCBuildConfiguration;
			baseConfigurationReference = BEBC519E97589256425859C2 /* Pods-RxMemo.release.xcconfig */;
			buildSettings = {
				ASSETCATALOG_COMPILER_APPICON_NAME = AppIcon;
				ASSETCATALOG_COMPILER_GLOBAL_ACCENT_COLOR_NAME = AccentColor;
				CODE_SIGN_STYLE = Automatic;
				DEVELOPMENT_TEAM = D5YB3MLSUJ;
				INFOPLIST_FILE = RxMemo/Info.plist;
				LD_RUNPATH_SEARCH_PATHS = (
					"$(inherited)",
					"@executable_path/Frameworks",
				);
				PRODUCT_BUNDLE_IDENTIFIER = com.minjee.practice.rxmemo.RxMemo;
				PRODUCT_NAME = "$(TARGET_NAME)";
				SWIFT_VERSION = 5.0;
				TARGETED_DEVICE_FAMILY = "1,2";
			};
			name = Release;
		};
		F5062AA9269E6DFB006F338D /* Debug */ = {
			isa = XCBuildConfiguration;
			baseConfigurationReference = 537CBBECB20FA6547A596DED /* Pods-RxMemoTests.debug.xcconfig */;
			buildSettings = {
				ALWAYS_EMBED_SWIFT_STANDARD_LIBRARIES = YES;
				BUNDLE_LOADER = "$(TEST_HOST)";
				CODE_SIGN_STYLE = Automatic;
				DEVELOPMENT_TEAM = D5YB3MLSUJ;
				INFOPLIST_FILE = RxMemoTests/Info.plist;
				IPHONEOS_DEPLOYMENT_TARGET = 14.5;
				LD_RUNPATH_SEARCH_PATHS = (
					"$(inherited)",
					"@executable_path/Frameworks",
					"@loader_path/Frameworks",
				);
				PRODUCT_BUNDLE_IDENTIFIER = com.minjee.practice.rxmemo.RxMemoTests;
				PRODUCT_NAME = "$(TARGET_NAME)";
				SWIFT_VERSION = 5.0;
				TARGETED_DEVICE_FAMILY = "1,2";
				TEST_HOST = "$(BUILT_PRODUCTS_DIR)/RxMemo.app/RxMemo";
			};
			name = Debug;
		};
		F5062AAA269E6DFB006F338D /* Release */ = {
			isa = XCBuildConfiguration;
			baseConfigurationReference = A2431418193FAB0836A3DD25 /* Pods-RxMemoTests.release.xcconfig */;
			buildSettings = {
				ALWAYS_EMBED_SWIFT_STANDARD_LIBRARIES = YES;
				BUNDLE_LOADER = "$(TEST_HOST)";
				CODE_SIGN_STYLE = Automatic;
				DEVELOPMENT_TEAM = D5YB3MLSUJ;
				INFOPLIST_FILE = RxMemoTests/Info.plist;
				IPHONEOS_DEPLOYMENT_TARGET = 14.5;
				LD_RUNPATH_SEARCH_PATHS = (
					"$(inherited)",
					"@executable_path/Frameworks",
					"@loader_path/Frameworks",
				);
				PRODUCT_BUNDLE_IDENTIFIER = com.minjee.practice.rxmemo.RxMemoTests;
				PRODUCT_NAME = "$(TARGET_NAME)";
				SWIFT_VERSION = 5.0;
				TARGETED_DEVICE_FAMILY = "1,2";
				TEST_HOST = "$(BUILT_PRODUCTS_DIR)/RxMemo.app/RxMemo";
			};
			name = Release;
		};
		F5062AAC269E6DFB006F338D /* Debug */ = {
			isa = XCBuildConfiguration;
			baseConfigurationReference = B4DFEC1C8C0F60657772D5B4 /* Pods-RxMemo-RxMemoUITests.debug.xcconfig */;
			buildSettings = {
				ALWAYS_EMBED_SWIFT_STANDARD_LIBRARIES = YES;
				CODE_SIGN_STYLE = Automatic;
				DEVELOPMENT_TEAM = D5YB3MLSUJ;
				INFOPLIST_FILE = RxMemoUITests/Info.plist;
				LD_RUNPATH_SEARCH_PATHS = (
					"$(inherited)",
					"@executable_path/Frameworks",
					"@loader_path/Frameworks",
				);
				PRODUCT_BUNDLE_IDENTIFIER = com.minjee.practice.rxmemo.RxMemoUITests;
				PRODUCT_NAME = "$(TARGET_NAME)";
				SWIFT_VERSION = 5.0;
				TARGETED_DEVICE_FAMILY = "1,2";
				TEST_TARGET_NAME = RxMemo;
			};
			name = Debug;
		};
		F5062AAD269E6DFB006F338D /* Release */ = {
			isa = XCBuildConfiguration;
			baseConfigurationReference = 7848BD6F65651177162D7AC1 /* Pods-RxMemo-RxMemoUITests.release.xcconfig */;
			buildSettings = {
				ALWAYS_EMBED_SWIFT_STANDARD_LIBRARIES = YES;
				CODE_SIGN_STYLE = Automatic;
				DEVELOPMENT_TEAM = D5YB3MLSUJ;
				INFOPLIST_FILE = RxMemoUITests/Info.plist;
				LD_RUNPATH_SEARCH_PATHS = (
					"$(inherited)",
					"@executable_path/Frameworks",
					"@loader_path/Frameworks",
				);
				PRODUCT_BUNDLE_IDENTIFIER = com.minjee.practice.rxmemo.RxMemoUITests;
				PRODUCT_NAME = "$(TARGET_NAME)";
				SWIFT_VERSION = 5.0;
				TARGETED_DEVICE_FAMILY = "1,2";
				TEST_TARGET_NAME = RxMemo;
			};
			name = Release;
		};
/* End XCBuildConfiguration section */

/* Begin XCConfigurationList section */
		F5062A76269E6DF9006F338D /* Build configuration list for PBXProject "RxMemo" */ = {
			isa = XCConfigurationList;
			buildConfigurations = (
				F5062AA3269E6DFB006F338D /* Debug */,
				F5062AA4269E6DFB006F338D /* Release */,
			);
			defaultConfigurationIsVisible = 0;
			defaultConfigurationName = Release;
		};
		F5062AA5269E6DFB006F338D /* Build configuration list for PBXNativeTarget "RxMemo" */ = {
			isa = XCConfigurationList;
			buildConfigurations = (
				F5062AA6269E6DFB006F338D /* Debug */,
				F5062AA7269E6DFB006F338D /* Release */,
			);
			defaultConfigurationIsVisible = 0;
			defaultConfigurationName = Release;
		};
		F5062AA8269E6DFB006F338D /* Build configuration list for PBXNativeTarget "RxMemoTests" */ = {
			isa = XCConfigurationList;
			buildConfigurations = (
				F5062AA9269E6DFB006F338D /* Debug */,
				F5062AAA269E6DFB006F338D /* Release */,
			);
			defaultConfigurationIsVisible = 0;
			defaultConfigurationName = Release;
		};
		F5062AAB269E6DFB006F338D /* Build configuration list for PBXNativeTarget "RxMemoUITests" */ = {
			isa = XCConfigurationList;
			buildConfigurations = (
				F5062AAC269E6DFB006F338D /* Debug */,
				F5062AAD269E6DFB006F338D /* Release */,
			);
			defaultConfigurationIsVisible = 0;
			defaultConfigurationName = Release;
		};
/* End XCConfigurationList section */

/* Begin XCVersionGroup section */
		F5062AB9269E7758006F338D /* RxMemo.xcdatamodeld */ = {
			isa = XCVersionGroup;
			children = (
				F5062ABA269E7758006F338D /* RxMemo.xcdatamodel */,
			);
			currentVersion = F5062ABA269E7758006F338D /* RxMemo.xcdatamodel */;
			path = RxMemo.xcdatamodeld;
			sourceTree = "<group>";
			versionGroupType = wrapper.xcdatamodel;
		};
/* End XCVersionGroup section */
	};
	rootObject = F5062A73269E6DF9006F338D /* Project object */;
}
